{
  "version": 4,
  "terraform_version": "1.11.1",
  "serial": 1334,
  "lineage": "99871d0a-43a9-8d9a-8140-7dc3796d0873",
  "outputs": {
    "bastion_public_ip": {
      "value": "158.160.113.179",
      "type": "string"
    },
    "kibana_ip": {
      "value": "192.168.1.5",
      "type": "string"
    },
    "logging_ip": {
      "value": "192.168.1.11",
      "type": "string"
    },
    "monitoring_ip": {
      "value": "192.168.1.3",
      "type": "string"
    },
    "web_ips": {
      "value": [
        "192.168.1.34",
        "192.168.2.6"
      ],
      "type": [
        "tuple",
        [
          "string",
          "string"
        ]
      ]
    }
  },
  "resources": [
    {
      "mode": "data",
      "type": "yandex_compute_image",
      "name": "ubuntu_2204_lts",
      "provider": "provider[\"registry.terraform.io/yandex-cloud/yandex\"]",
      "instances": [
        {
          "schema_version": 0,
          "attributes": {
            "created_at": "2025-03-10T11:05:35Z",
            "description": "ubuntu 22.04 lts",
            "family": "ubuntu-2204-lts",
            "folder_id": "standard-images",
            "id": "fd8f5cvdq4amabqltvr0",
            "image_id": "fd8f5cvdq4amabqltvr0",
            "labels": {},
            "min_disk_size": 8,
            "name": "ubuntu-22-04-lts-v20250310",
            "os_type": "linux",
            "pooled": true,
            "product_ids": [
              "f2eko6lb5c750juvim83"
            ],
            "size": 7,
            "status": "ready"
          },
          "sensitive_attributes": []
        }
      ]
    },
    {
      "mode": "managed",
      "type": "local_file",
      "name": "ansible_inventory",
      "provider": "provider[\"registry.terraform.io/hashicorp/local\"]",
      "instances": [
        {
          "schema_version": 0,
          "attributes": {
            "content": "[web]\r\nweb-a.ru-central1.internal\r\nweb-b.ru-central1.internal\r\n\r\n[monitoring]\r\nmonitoring.ru-central1.internal\r\n\r\n[logging]\r\nlogging.ru-central1.internal\r\n\r\n[kibana]\r\nkibana.ru-central1.internal\r\n\r\n[bastion]\r\nbastion.ru-central1.internal\r\n\r\n[all:vars]\r\nansible_user=user\r\nansible_ssh_private_key_file=~/.ssh/id_rsa\r\n\r\n[web:vars]\r\nansible_ssh_common_args='-o ProxyJump=user@bastion.ru-central1.internal -o StrictHostKeyChecking=no -o UserKnownHostsFile=/dev/null'\r\n\r\n[monitoring:vars]\r\nansible_ssh_common_args='-o ProxyJump=user@bastion.ru-central1.internal -o StrictHostKeyChecking=no -o UserKnownHostsFile=/dev/null'\r\n\r\n[logging:vars]\r\nansible_ssh_common_args='-o ProxyJump=user@bastion.ru-central1.internal -o StrictHostKeyChecking=no -o UserKnownHostsFile=/dev/null'\r\n\r\n[kibana:vars]\r\nansible_ssh_common_args='-o ProxyJump=user@bastion.ru-central1.internal -o StrictHostKeyChecking=no -o UserKnownHostsFile=/dev/null'\r\n",
            "content_base64": null,
            "content_base64sha256": "dtB7T8ZvodD707cYSbVxmBdgaahSX1lJycJ+51TqPxU=",
            "content_base64sha512": "xSRiw1f9fumG1wj6t2tvIKUZ3QJGGjEVMVrBnNkfxMLxTfrHYtoIG3WhjdQBuXAUuqaakAJceVALRxzYFbLA4g==",
            "content_md5": "a3d7eb5511466655902d6872dd0d6c85",
            "content_sha1": "1aae8062fe9d3b01bc69d1513abdb3bb8700ee31",
            "content_sha256": "76d07b4fc66fa1d0fbd3b71849b57198176069a8525f5949c9c27ee754ea3f15",
            "content_sha512": "c52462c357fd7ee986d708fab76b6f20a519dd02461a3115315ac19cd91fc4c2f14dfac762da081b75a18dd401b97014baa69a90025c79500b471cd815b2c0e2",
            "directory_permission": "0777",
            "file_permission": "0777",
            "filename": "./hosts.ini",
            "id": "1aae8062fe9d3b01bc69d1513abdb3bb8700ee31",
            "sensitive_content": null,
            "source": null
          },
          "sensitive_attributes": [
            [
              {
                "type": "get_attr",
                "value": "sensitive_content"
              }
            ]
          ]
        }
      ]
    },
    {
      "mode": "managed",
      "type": "yandex_alb_backend_group",
      "name": "my_alb_bg",
      "provider": "provider[\"registry.terraform.io/yandex-cloud/yandex\"]",
      "instances": [
        {
          "schema_version": 0,
          "attributes": {
            "created_at": "2025-03-23T21:33:24Z",
            "description": "",
            "folder_id": "b1ghq2nf3sns1d4mse28",
            "grpc_backend": [],
            "http_backend": [
              {
                "healthcheck": [
                  {
                    "grpc_healthcheck": [],
                    "healthcheck_port": 0,
                    "healthy_threshold": 0,
                    "http_healthcheck": [
                      {
                        "host": "",
                        "http2": false,
                        "path": "/"
                      }
                    ],
                    "interval": "1s",
                    "interval_jitter_percent": 0,
                    "stream_healthcheck": [],
                    "timeout": "1s",
                    "unhealthy_threshold": 0
                  }
                ],
                "http2": false,
                "load_balancing_config": [],
                "name": "my-http-backend",
                "port": 80,
                "storage_bucket": "",
                "target_group_ids": [
                  "ds7m852fopi4d5p1emkn"
                ],
                "tls": [],
                "weight": 1
              }
            ],
            "id": "ds7phljvs1ga043f4p2s",
            "labels": {},
            "name": "my-backend-group",
            "session_affinity": [],
            "stream_backend": [],
            "timeouts": null
          },
          "sensitive_attributes": [],
          "private": "eyJlMmJmYjczMC1lY2FhLTExZTYtOGY4OC0zNDM2M2JjN2M0YzAiOnsiY3JlYXRlIjozMDAwMDAwMDAwMDAsImRlbGV0ZSI6MzAwMDAwMDAwMDAwLCJ1cGRhdGUiOjMwMDAwMDAwMDAwMH19",
          "dependencies": [
            "data.yandex_compute_image.ubuntu_2204_lts",
            "yandex_alb_target_group.web_tg",
            "yandex_compute_instance.web-a",
            "yandex_compute_instance.web-b",
            "yandex_vpc_gateway.nat_gateway",
            "yandex_vpc_network.my_vpc",
            "yandex_vpc_route_table.rt",
            "yandex_vpc_subnet.private_subnet_a",
            "yandex_vpc_subnet.private_subnet_b"
          ]
        }
      ]
    },
    {
      "mode": "managed",
      "type": "yandex_alb_http_router",
      "name": "tf-router",
      "provider": "provider[\"registry.terraform.io/yandex-cloud/yandex\"]",
      "instances": [
        {
          "schema_version": 0,
          "attributes": {
            "created_at": "2025-03-23T21:32:44Z",
            "description": "",
            "folder_id": "b1ghq2nf3sns1d4mse28",
            "id": "ds7o9f8vai1mmdj1djc8",
            "labels": {},
            "name": "my-router",
            "route_options": [],
            "timeouts": null
          },
          "sensitive_attributes": [],
          "private": "eyJlMmJmYjczMC1lY2FhLTExZTYtOGY4OC0zNDM2M2JjN2M0YzAiOnsiY3JlYXRlIjozMDAwMDAwMDAwMDAsImRlbGV0ZSI6MzAwMDAwMDAwMDAwLCJ1cGRhdGUiOjMwMDAwMDAwMDAwMH19"
        }
      ]
    },
    {
      "mode": "managed",
      "type": "yandex_alb_load_balancer",
      "name": "test-balancer",
      "provider": "provider[\"registry.terraform.io/yandex-cloud/yandex\"]",
      "instances": [
        {
          "schema_version": 0,
          "attributes": {
            "allocation_policy": [
              {
                "location": [
                  {
                    "disable_traffic": false,
                    "subnet_id": "e9b2s3vg8vjrvdslmmr9",
                    "zone_id": "ru-central1-a"
                  }
                ]
              }
            ],
            "created_at": "2025-03-23T21:32:48Z",
            "description": "",
            "folder_id": "b1ghq2nf3sns1d4mse28",
            "id": "ds7rte2hn03elqmso6tg",
            "labels": {},
            "listener": [
              {
                "endpoint": [
                  {
                    "address": [
                      {
                        "external_ipv4_address": [
                          {
                            "address": "84.201.148.203"
                          }
                        ],
                        "external_ipv6_address": [],
                        "internal_ipv4_address": []
                      }
                    ],
                    "ports": [
                      80
                    ]
                  }
                ],
                "http": [
                  {
                    "handler": [
                      {
                        "allow_http10": false,
                        "http2_options": [],
                        "http_router_id": "ds7o9f8vai1mmdj1djc8",
                        "rewrite_request_id": false
                      }
                    ],
                    "redirects": []
                  }
                ],
                "name": "my-listener",
                "stream": [],
                "tls": []
              }
            ],
            "log_group_id": "",
            "log_options": [],
            "name": "my-load-balancer",
            "network_id": "enpt8tfqej0mq4ike3uj",
            "region_id": "",
            "security_group_ids": [],
            "status": "active",
            "timeouts": null
          },
          "sensitive_attributes": [],
          "private": "eyJlMmJmYjczMC1lY2FhLTExZTYtOGY4OC0zNDM2M2JjN2M0YzAiOnsiY3JlYXRlIjo2MDAwMDAwMDAwMDAsImRlbGV0ZSI6NjAwMDAwMDAwMDAwLCJ1cGRhdGUiOjYwMDAwMDAwMDAwMH19",
          "dependencies": [
            "yandex_alb_http_router.tf-router",
            "yandex_vpc_gateway.nat_gateway",
            "yandex_vpc_network.my_vpc",
            "yandex_vpc_route_table.rt",
            "yandex_vpc_subnet.private_subnet_a"
          ]
        }
      ]
    },
    {
      "mode": "managed",
      "type": "yandex_alb_target_group",
      "name": "web_tg",
      "provider": "provider[\"registry.terraform.io/yandex-cloud/yandex\"]",
      "instances": [
        {
          "schema_version": 0,
          "attributes": {
            "created_at": "2025-03-23T21:33:24Z",
            "description": "",
            "folder_id": "b1ghq2nf3sns1d4mse28",
            "id": "ds7m852fopi4d5p1emkn",
            "labels": {},
            "name": "web-target-group",
            "target": [
              {
                "ip_address": "192.168.1.34",
                "private_ipv4_address": false,
                "subnet_id": "e9b2s3vg8vjrvdslmmr9"
              },
              {
                "ip_address": "192.168.2.6",
                "private_ipv4_address": false,
                "subnet_id": "e2l3sae9cqp7s2cdg3mt"
              }
            ],
            "timeouts": null
          },
          "sensitive_attributes": [],
          "private": "eyJlMmJmYjczMC1lY2FhLTExZTYtOGY4OC0zNDM2M2JjN2M0YzAiOnsiY3JlYXRlIjozMDAwMDAwMDAwMDAsImRlbGV0ZSI6MzAwMDAwMDAwMDAwLCJ1cGRhdGUiOjMwMDAwMDAwMDAwMH19",
          "dependencies": [
            "data.yandex_compute_image.ubuntu_2204_lts",
            "yandex_compute_instance.web-a",
            "yandex_compute_instance.web-b",
            "yandex_vpc_gateway.nat_gateway",
            "yandex_vpc_network.my_vpc",
            "yandex_vpc_route_table.rt",
            "yandex_vpc_subnet.private_subnet_a",
            "yandex_vpc_subnet.private_subnet_b"
          ]
        }
      ]
    },
    {
      "mode": "managed",
      "type": "yandex_alb_virtual_host",
      "name": "my-virtual-host",
      "provider": "provider[\"registry.terraform.io/yandex-cloud/yandex\"]",
      "instances": [
        {
          "schema_version": 0,
          "attributes": {
            "authority": [],
            "http_router_id": "ds7o9f8vai1mmdj1djc8",
            "id": "ds7o9f8vai1mmdj1djc8/my-virtual-host",
            "modify_request_headers": [],
            "modify_response_headers": [],
            "name": "my-virtual-host",
            "route": [
              {
                "grpc_route": [],
                "http_route": [
                  {
                    "direct_response_action": [],
                    "http_match": [],
                    "http_route_action": [
                      {
                        "auto_host_rewrite": false,
                        "backend_group_id": "ds7phljvs1ga043f4p2s",
                        "host_rewrite": "",
                        "idle_timeout": "",
                        "prefix_rewrite": "",
                        "timeout": "1m0s",
                        "upgrade_types": []
                      }
                    ],
                    "redirect_action": []
                  }
                ],
                "name": "my-route",
                "route_options": []
              }
            ],
            "route_options": [],
            "timeouts": null
          },
          "sensitive_attributes": [],
          "private": "eyJlMmJmYjczMC1lY2FhLTExZTYtOGY4OC0zNDM2M2JjN2M0YzAiOnsiY3JlYXRlIjozMDAwMDAwMDAwMDAsImRlbGV0ZSI6MzAwMDAwMDAwMDAwLCJ1cGRhdGUiOjMwMDAwMDAwMDAwMH19",
          "dependencies": [
            "data.yandex_compute_image.ubuntu_2204_lts",
            "yandex_alb_backend_group.my_alb_bg",
            "yandex_alb_http_router.tf-router",
            "yandex_alb_target_group.web_tg",
            "yandex_compute_instance.web-a",
            "yandex_compute_instance.web-b",
            "yandex_vpc_gateway.nat_gateway",
            "yandex_vpc_network.my_vpc",
            "yandex_vpc_route_table.rt",
            "yandex_vpc_subnet.private_subnet_a",
            "yandex_vpc_subnet.private_subnet_b"
          ]
        }
      ]
    },
    {
      "mode": "managed",
      "type": "yandex_compute_instance",
      "name": "bastion",
      "provider": "provider[\"registry.terraform.io/yandex-cloud/yandex\"]",
      "instances": [
        {
          "schema_version": 1,
          "attributes": {
            "allow_recreate": null,
            "allow_stopping_for_update": null,
            "boot_disk": [
              {
                "auto_delete": true,
                "device_name": "fhm5irs52cmkgmh77ick",
                "disk_id": "fhm5irs52cmkgmh77ick",
                "initialize_params": [
                  {
                    "block_size": 4096,
                    "description": "",
                    "image_id": "fd8f5cvdq4amabqltvr0",
                    "name": "",
                    "size": 10,
                    "snapshot_id": "",
                    "type": "network-hdd"
                  }
                ],
                "mode": "READ_WRITE"
              }
            ],
            "created_at": "2025-03-23T21:32:51Z",
            "description": "",
            "filesystem": [],
            "folder_id": "b1ghq2nf3sns1d4mse28",
            "fqdn": "bastion.ru-central1.internal",
            "gpu_cluster_id": "",
            "hostname": "bastion",
            "id": "fhm0c6ob8nk4pbvki6hu",
            "labels": {},
            "local_disk": [],
            "maintenance_grace_period": "",
            "maintenance_policy": null,
            "metadata": {
              "serial-port-enable": "1",
              "user-data": "#cloud-config\r\nusers:\r\n  - name: user\r\n    groups: sudo\r\n    shell: /bin/bash\r\n    sudo: [\"ALL=(ALL) NOPASSWD:ALL\"]\r\n    ssh_authorized_keys:\r\n      - ssh-ed25519 AAAAC3NzaC1lZDI1NTE5AAAAIC/thv8kJToMpCPunu6NiuHHTNz1juXWlHXPlNESSd8f Alexander@DESKTOP-GPH9TFN"
            },
            "metadata_options": [
              {
                "aws_v1_http_endpoint": 1,
                "aws_v1_http_token": 2,
                "gce_http_endpoint": 1,
                "gce_http_token": 1
              }
            ],
            "name": "bastion",
            "network_acceleration_type": "standard",
            "network_interface": [
              {
                "dns_record": [],
                "index": 0,
                "ip_address": "192.168.1.14",
                "ipv4": true,
                "ipv6": false,
                "ipv6_address": "",
                "ipv6_dns_record": [],
                "mac_address": "d0:0d:61:b0:b4:5e",
                "nat": true,
                "nat_dns_record": [],
                "nat_ip_address": "158.160.113.179",
                "nat_ip_version": "IPV4",
                "security_group_ids": [],
                "subnet_id": "e9b2s3vg8vjrvdslmmr9"
              }
            ],
            "placement_policy": [
              {
                "host_affinity_rules": [],
                "placement_group_id": "",
                "placement_group_partition": 0
              }
            ],
            "platform_id": "standard-v1",
            "resources": [
              {
                "core_fraction": 20,
                "cores": 2,
                "gpus": 0,
                "memory": 1
              }
            ],
            "scheduling_policy": [
              {
                "preemptible": true
              }
            ],
            "secondary_disk": [],
            "service_account_id": "",
            "status": "running",
            "timeouts": null,
            "zone": "ru-central1-a"
          },
          "sensitive_attributes": [],
          "private": "eyJlMmJmYjczMC1lY2FhLTExZTYtOGY4OC0zNDM2M2JjN2M0YzAiOnsiY3JlYXRlIjozMDAwMDAwMDAwMDAsImRlbGV0ZSI6MzAwMDAwMDAwMDAwLCJ1cGRhdGUiOjMwMDAwMDAwMDAwMH0sInNjaGVtYV92ZXJzaW9uIjoiMSJ9",
          "dependencies": [
            "data.yandex_compute_image.ubuntu_2204_lts",
            "yandex_vpc_gateway.nat_gateway",
            "yandex_vpc_network.my_vpc",
            "yandex_vpc_route_table.rt",
            "yandex_vpc_subnet.private_subnet_a"
          ]
        }
      ]
    },
    {
      "mode": "managed",
      "type": "yandex_compute_instance",
      "name": "kibana",
      "provider": "provider[\"registry.terraform.io/yandex-cloud/yandex\"]",
      "instances": [
        {
          "schema_version": 1,
          "attributes": {
            "allow_recreate": null,
            "allow_stopping_for_update": null,
            "boot_disk": [
              {
                "auto_delete": true,
                "device_name": "fhm4gqqatbj8selna2j8",
                "disk_id": "fhm4gqqatbj8selna2j8",
                "initialize_params": [
                  {
                    "block_size": 4096,
                    "description": "",
                    "image_id": "fd8f5cvdq4amabqltvr0",
                    "name": "",
                    "size": 20,
                    "snapshot_id": "",
                    "type": "network-hdd"
                  }
                ],
                "mode": "READ_WRITE"
              }
            ],
            "created_at": "2025-03-23T21:32:48Z",
            "description": "",
            "filesystem": [],
            "folder_id": "b1ghq2nf3sns1d4mse28",
            "fqdn": "kibana.ru-central1.internal",
            "gpu_cluster_id": "",
            "hostname": "kibana",
            "id": "fhmp508g5o1hfgbj3m6g",
            "labels": {},
            "local_disk": [],
            "maintenance_grace_period": "",
            "maintenance_policy": null,
            "metadata": {
              "serial-port-enable": "1",
              "user-data": "#cloud-config\r\nusers:\r\n  - name: user\r\n    groups: sudo\r\n    shell: /bin/bash\r\n    sudo: [\"ALL=(ALL) NOPASSWD:ALL\"]\r\n    ssh_authorized_keys:\r\n      - ssh-ed25519 AAAAC3NzaC1lZDI1NTE5AAAAIC/thv8kJToMpCPunu6NiuHHTNz1juXWlHXPlNESSd8f Alexander@DESKTOP-GPH9TFN"
            },
            "metadata_options": [
              {
                "aws_v1_http_endpoint": 1,
                "aws_v1_http_token": 2,
                "gce_http_endpoint": 1,
                "gce_http_token": 1
              }
            ],
            "name": "kibana",
            "network_acceleration_type": "standard",
            "network_interface": [
              {
                "dns_record": [],
                "index": 0,
                "ip_address": "192.168.1.5",
                "ipv4": true,
                "ipv6": false,
                "ipv6_address": "",
                "ipv6_dns_record": [],
                "mac_address": "d0:0d:19:28:11:02",
                "nat": true,
                "nat_dns_record": [],
                "nat_ip_address": "158.160.112.85",
                "nat_ip_version": "IPV4",
                "security_group_ids": [],
                "subnet_id": "e9b2s3vg8vjrvdslmmr9"
              }
            ],
            "placement_policy": [
              {
                "host_affinity_rules": [],
                "placement_group_id": "",
                "placement_group_partition": 0
              }
            ],
            "platform_id": "standard-v1",
            "resources": [
              {
                "core_fraction": 20,
                "cores": 2,
                "gpus": 0,
                "memory": 4
              }
            ],
            "scheduling_policy": [
              {
                "preemptible": true
              }
            ],
            "secondary_disk": [],
            "service_account_id": "",
            "status": "running",
            "timeouts": null,
            "zone": "ru-central1-a"
          },
          "sensitive_attributes": [],
          "private": "eyJlMmJmYjczMC1lY2FhLTExZTYtOGY4OC0zNDM2M2JjN2M0YzAiOnsiY3JlYXRlIjozMDAwMDAwMDAwMDAsImRlbGV0ZSI6MzAwMDAwMDAwMDAwLCJ1cGRhdGUiOjMwMDAwMDAwMDAwMH0sInNjaGVtYV92ZXJzaW9uIjoiMSJ9",
          "dependencies": [
            "data.yandex_compute_image.ubuntu_2204_lts",
            "yandex_vpc_gateway.nat_gateway",
            "yandex_vpc_network.my_vpc",
            "yandex_vpc_route_table.rt",
            "yandex_vpc_subnet.private_subnet_a"
          ]
        }
      ]
    },
    {
      "mode": "managed",
      "type": "yandex_compute_instance",
      "name": "logging",
      "provider": "provider[\"registry.terraform.io/yandex-cloud/yandex\"]",
      "instances": [
        {
          "schema_version": 1,
          "attributes": {
            "allow_recreate": null,
            "allow_stopping_for_update": null,
            "boot_disk": [
              {
                "auto_delete": true,
                "device_name": "fhmo0da11pi3kue3u9bb",
                "disk_id": "fhmo0da11pi3kue3u9bb",
                "initialize_params": [
                  {
                    "block_size": 4096,
                    "description": "",
                    "image_id": "fd8f5cvdq4amabqltvr0",
                    "name": "",
                    "size": 20,
                    "snapshot_id": "",
                    "type": "network-hdd"
                  }
                ],
                "mode": "READ_WRITE"
              }
            ],
            "created_at": "2025-03-24T06:50:36Z",
            "description": "",
            "filesystem": [],
            "folder_id": "b1ghq2nf3sns1d4mse28",
            "fqdn": "logging.ru-central1.internal",
            "gpu_cluster_id": "",
            "hostname": "logging",
            "id": "fhm3bmimv0u83pk5461d",
            "labels": {},
            "local_disk": [],
            "maintenance_grace_period": "",
            "maintenance_policy": null,
            "metadata": {
              "serial-port-enable": "1",
              "user-data": "#cloud-config\r\nusers:\r\n  - name: user\r\n    groups: sudo\r\n    shell: /bin/bash\r\n    sudo: [\"ALL=(ALL) NOPASSWD:ALL\"]\r\n    ssh_authorized_keys:\r\n      - ssh-ed25519 AAAAC3NzaC1lZDI1NTE5AAAAIC/thv8kJToMpCPunu6NiuHHTNz1juXWlHXPlNESSd8f Alexander@DESKTOP-GPH9TFN"
            },
            "metadata_options": [
              {
                "aws_v1_http_endpoint": 1,
                "aws_v1_http_token": 2,
                "gce_http_endpoint": 1,
                "gce_http_token": 1
              }
            ],
            "name": "logging",
            "network_acceleration_type": "standard",
            "network_interface": [
              {
                "dns_record": [],
                "index": 0,
                "ip_address": "192.168.1.11",
                "ipv4": true,
                "ipv6": false,
                "ipv6_address": "",
                "ipv6_dns_record": [],
                "mac_address": "d0:0d:35:da:56:f8",
                "nat": false,
                "nat_dns_record": [],
                "nat_ip_address": "",
                "nat_ip_version": "",
                "security_group_ids": [],
                "subnet_id": "e9b2s3vg8vjrvdslmmr9"
              }
            ],
            "placement_policy": [
              {
                "host_affinity_rules": [],
                "placement_group_id": "",
                "placement_group_partition": 0
              }
            ],
            "platform_id": "standard-v1",
            "resources": [
              {
                "core_fraction": 20,
                "cores": 2,
                "gpus": 0,
                "memory": 4
              }
            ],
            "scheduling_policy": [
              {
                "preemptible": true
              }
            ],
            "secondary_disk": [],
            "service_account_id": "",
            "status": "running",
            "timeouts": null,
            "zone": "ru-central1-a"
          },
          "sensitive_attributes": [],
          "private": "eyJlMmJmYjczMC1lY2FhLTExZTYtOGY4OC0zNDM2M2JjN2M0YzAiOnsiY3JlYXRlIjozMDAwMDAwMDAwMDAsImRlbGV0ZSI6MzAwMDAwMDAwMDAwLCJ1cGRhdGUiOjMwMDAwMDAwMDAwMH0sInNjaGVtYV92ZXJzaW9uIjoiMSJ9",
          "dependencies": [
            "data.yandex_compute_image.ubuntu_2204_lts",
            "yandex_vpc_gateway.nat_gateway",
            "yandex_vpc_network.my_vpc",
            "yandex_vpc_route_table.rt",
            "yandex_vpc_subnet.private_subnet_a"
          ]
        }
      ]
    },
    {
      "mode": "managed",
      "type": "yandex_compute_instance",
      "name": "monitoring",
      "provider": "provider[\"registry.terraform.io/yandex-cloud/yandex\"]",
      "instances": [
        {
          "schema_version": 1,
          "attributes": {
            "allow_recreate": null,
            "allow_stopping_for_update": null,
            "boot_disk": [
              {
                "auto_delete": true,
                "device_name": "fhmd40ppekpt9ok1dbuc",
                "disk_id": "fhmd40ppekpt9ok1dbuc",
                "initialize_params": [
                  {
                    "block_size": 4096,
                    "description": "",
                    "image_id": "fd8f5cvdq4amabqltvr0",
                    "name": "",
                    "size": 20,
                    "snapshot_id": "",
                    "type": "network-hdd"
                  }
                ],
                "mode": "READ_WRITE"
              }
            ],
            "created_at": "2025-03-23T21:32:48Z",
            "description": "",
            "filesystem": [],
            "folder_id": "b1ghq2nf3sns1d4mse28",
            "fqdn": "monitoring.ru-central1.internal",
            "gpu_cluster_id": "",
            "hostname": "monitoring",
            "id": "fhmlmtg9gj3napnkol1e",
            "labels": {},
            "local_disk": [],
            "maintenance_grace_period": "",
            "maintenance_policy": null,
            "metadata": {
              "serial-port-enable": "1",
              "user-data": "#cloud-config\r\nusers:\r\n  - name: user\r\n    groups: sudo\r\n    shell: /bin/bash\r\n    sudo: [\"ALL=(ALL) NOPASSWD:ALL\"]\r\n    ssh_authorized_keys:\r\n      - ssh-ed25519 AAAAC3NzaC1lZDI1NTE5AAAAIC/thv8kJToMpCPunu6NiuHHTNz1juXWlHXPlNESSd8f Alexander@DESKTOP-GPH9TFN"
            },
            "metadata_options": [
              {
                "aws_v1_http_endpoint": 1,
                "aws_v1_http_token": 2,
                "gce_http_endpoint": 1,
                "gce_http_token": 1
              }
            ],
            "name": "monitoring",
            "network_acceleration_type": "standard",
            "network_interface": [
              {
                "dns_record": [],
                "index": 0,
                "ip_address": "192.168.1.3",
                "ipv4": true,
                "ipv6": false,
                "ipv6_address": "",
                "ipv6_dns_record": [],
                "mac_address": "d0:0d:15:b7:60:98",
                "nat": true,
                "nat_dns_record": [],
                "nat_ip_address": "158.160.99.37",
                "nat_ip_version": "IPV4",
                "security_group_ids": [],
                "subnet_id": "e9b2s3vg8vjrvdslmmr9"
              }
            ],
            "placement_policy": [
              {
                "host_affinity_rules": [],
                "placement_group_id": "",
                "placement_group_partition": 0
              }
            ],
            "platform_id": "standard-v1",
            "resources": [
              {
                "core_fraction": 20,
                "cores": 2,
                "gpus": 0,
                "memory": 4
              }
            ],
            "scheduling_policy": [
              {
                "preemptible": true
              }
            ],
            "secondary_disk": [],
            "service_account_id": "",
            "status": "running",
            "timeouts": null,
            "zone": "ru-central1-a"
          },
          "sensitive_attributes": [],
          "private": "eyJlMmJmYjczMC1lY2FhLTExZTYtOGY4OC0zNDM2M2JjN2M0YzAiOnsiY3JlYXRlIjozMDAwMDAwMDAwMDAsImRlbGV0ZSI6MzAwMDAwMDAwMDAwLCJ1cGRhdGUiOjMwMDAwMDAwMDAwMH0sInNjaGVtYV92ZXJzaW9uIjoiMSJ9",
          "dependencies": [
            "data.yandex_compute_image.ubuntu_2204_lts",
            "yandex_vpc_gateway.nat_gateway",
            "yandex_vpc_network.my_vpc",
            "yandex_vpc_route_table.rt",
            "yandex_vpc_subnet.private_subnet_a"
          ]
        }
      ]
    },
    {
      "mode": "managed",
      "type": "yandex_compute_instance",
      "name": "web-a",
      "provider": "provider[\"registry.terraform.io/yandex-cloud/yandex\"]",
      "instances": [
        {
          "schema_version": 1,
          "attributes": {
            "allow_recreate": null,
            "allow_stopping_for_update": null,
            "boot_disk": [
              {
                "auto_delete": true,
                "device_name": "fhmksd7qj9ut4qnq01uh",
                "disk_id": "fhmksd7qj9ut4qnq01uh",
                "initialize_params": [
                  {
                    "block_size": 4096,
                    "description": "",
                    "image_id": "fd8f5cvdq4amabqltvr0",
                    "name": "",
                    "size": 10,
                    "snapshot_id": "",
                    "type": "network-hdd"
                  }
                ],
                "mode": "READ_WRITE"
              }
            ],
            "created_at": "2025-03-23T21:32:48Z",
            "description": "",
            "filesystem": [],
            "folder_id": "b1ghq2nf3sns1d4mse28",
            "fqdn": "web-a.ru-central1.internal",
            "gpu_cluster_id": "",
            "hostname": "web-a",
            "id": "fhm0gm64s8pgijieibab",
            "labels": {},
            "local_disk": [],
            "maintenance_grace_period": "",
            "maintenance_policy": null,
            "metadata": {
              "serial-port-enable": "1",
              "user-data": "#cloud-config\r\nusers:\r\n  - name: user\r\n    groups: sudo\r\n    shell: /bin/bash\r\n    sudo: [\"ALL=(ALL) NOPASSWD:ALL\"]\r\n    ssh_authorized_keys:\r\n      - ssh-ed25519 AAAAC3NzaC1lZDI1NTE5AAAAIC/thv8kJToMpCPunu6NiuHHTNz1juXWlHXPlNESSd8f Alexander@DESKTOP-GPH9TFN"
            },
            "metadata_options": [
              {
                "aws_v1_http_endpoint": 1,
                "aws_v1_http_token": 2,
                "gce_http_endpoint": 1,
                "gce_http_token": 1
              }
            ],
            "name": "web-a",
            "network_acceleration_type": "standard",
            "network_interface": [
              {
                "dns_record": [],
                "index": 0,
                "ip_address": "192.168.1.34",
                "ipv4": true,
                "ipv6": false,
                "ipv6_address": "",
                "ipv6_dns_record": [],
                "mac_address": "d0:0d:85:8c:4e:23",
                "nat": false,
                "nat_dns_record": [],
                "nat_ip_address": "",
                "nat_ip_version": "",
                "security_group_ids": [],
                "subnet_id": "e9b2s3vg8vjrvdslmmr9"
              }
            ],
            "placement_policy": [
              {
                "host_affinity_rules": [],
                "placement_group_id": "",
                "placement_group_partition": 0
              }
            ],
            "platform_id": "standard-v1",
            "resources": [
              {
                "core_fraction": 20,
                "cores": 2,
                "gpus": 0,
                "memory": 1
              }
            ],
            "scheduling_policy": [
              {
                "preemptible": true
              }
            ],
            "secondary_disk": [],
            "service_account_id": "",
            "status": "running",
            "timeouts": null,
            "zone": "ru-central1-a"
          },
          "sensitive_attributes": [],
          "private": "eyJlMmJmYjczMC1lY2FhLTExZTYtOGY4OC0zNDM2M2JjN2M0YzAiOnsiY3JlYXRlIjozMDAwMDAwMDAwMDAsImRlbGV0ZSI6MzAwMDAwMDAwMDAwLCJ1cGRhdGUiOjMwMDAwMDAwMDAwMH0sInNjaGVtYV92ZXJzaW9uIjoiMSJ9",
          "dependencies": [
            "data.yandex_compute_image.ubuntu_2204_lts",
            "yandex_vpc_gateway.nat_gateway",
            "yandex_vpc_network.my_vpc",
            "yandex_vpc_route_table.rt",
            "yandex_vpc_subnet.private_subnet_a"
          ]
        }
      ]
    },
    {
      "mode": "managed",
      "type": "yandex_compute_instance",
      "name": "web-b",
      "provider": "provider[\"registry.terraform.io/yandex-cloud/yandex\"]",
      "instances": [
        {
          "schema_version": 1,
          "attributes": {
            "allow_recreate": null,
            "allow_stopping_for_update": null,
            "boot_disk": [
              {
                "auto_delete": true,
                "device_name": "epdhjr6p8v94kvgef0ej",
                "disk_id": "epdhjr6p8v94kvgef0ej",
                "initialize_params": [
                  {
                    "block_size": 4096,
                    "description": "",
                    "image_id": "fd8f5cvdq4amabqltvr0",
                    "name": "",
                    "size": 10,
                    "snapshot_id": "",
                    "type": "network-hdd"
                  }
                ],
                "mode": "READ_WRITE"
              }
            ],
            "created_at": "2025-03-23T21:32:51Z",
            "description": "",
            "filesystem": [],
            "folder_id": "b1ghq2nf3sns1d4mse28",
            "fqdn": "web-b.ru-central1.internal",
            "gpu_cluster_id": "",
            "hostname": "web-b",
            "id": "epdpurntljdha6684vti",
            "labels": {},
            "local_disk": [],
            "maintenance_grace_period": "",
            "maintenance_policy": null,
            "metadata": {
              "serial-port-enable": "1",
              "user-data": "#cloud-config\r\nusers:\r\n  - name: user\r\n    groups: sudo\r\n    shell: /bin/bash\r\n    sudo: [\"ALL=(ALL) NOPASSWD:ALL\"]\r\n    ssh_authorized_keys:\r\n      - ssh-ed25519 AAAAC3NzaC1lZDI1NTE5AAAAIC/thv8kJToMpCPunu6NiuHHTNz1juXWlHXPlNESSd8f Alexander@DESKTOP-GPH9TFN"
            },
            "metadata_options": [
              {
                "aws_v1_http_endpoint": 1,
                "aws_v1_http_token": 2,
                "gce_http_endpoint": 1,
                "gce_http_token": 1
              }
            ],
            "name": "web-b",
            "network_acceleration_type": "standard",
            "network_interface": [
              {
                "dns_record": [],
                "index": 0,
                "ip_address": "192.168.2.6",
                "ipv4": true,
                "ipv6": false,
                "ipv6_address": "",
                "ipv6_dns_record": [],
                "mac_address": "d0:0d:19:f6:ef:da",
                "nat": false,
                "nat_dns_record": [],
                "nat_ip_address": "",
                "nat_ip_version": "",
                "security_group_ids": [],
                "subnet_id": "e2l3sae9cqp7s2cdg3mt"
              }
            ],
            "placement_policy": [
              {
                "host_affinity_rules": [],
                "placement_group_id": "",
                "placement_group_partition": 0
              }
            ],
            "platform_id": "standard-v1",
            "resources": [
              {
                "core_fraction": 20,
                "cores": 2,
                "gpus": 0,
                "memory": 1
              }
            ],
            "scheduling_policy": [
              {
                "preemptible": true
              }
            ],
            "secondary_disk": [],
            "service_account_id": "",
            "status": "running",
            "timeouts": null,
            "zone": "ru-central1-b"
          },
          "sensitive_attributes": [],
          "private": "eyJlMmJmYjczMC1lY2FhLTExZTYtOGY4OC0zNDM2M2JjN2M0YzAiOnsiY3JlYXRlIjozMDAwMDAwMDAwMDAsImRlbGV0ZSI6MzAwMDAwMDAwMDAwLCJ1cGRhdGUiOjMwMDAwMDAwMDAwMH0sInNjaGVtYV92ZXJzaW9uIjoiMSJ9",
          "dependencies": [
            "data.yandex_compute_image.ubuntu_2204_lts",
            "yandex_vpc_gateway.nat_gateway",
            "yandex_vpc_network.my_vpc",
            "yandex_vpc_route_table.rt",
            "yandex_vpc_subnet.private_subnet_b"
          ]
        }
      ]
    },
    {
      "mode": "managed",
      "type": "yandex_vpc_gateway",
      "name": "nat_gateway",
      "provider": "provider[\"registry.terraform.io/yandex-cloud/yandex\"]",
      "instances": [
        {
          "schema_version": 0,
          "attributes": {
            "created_at": "2025-03-23T21:32:44Z",
            "description": "",
            "folder_id": "b1ghq2nf3sns1d4mse28",
            "id": "enpkq1rkvig8cks3t143",
            "labels": {},
            "name": "my-gateway",
            "shared_egress_gateway": [
              {}
            ],
            "timeouts": null
          },
          "sensitive_attributes": [],
          "private": "eyJlMmJmYjczMC1lY2FhLTExZTYtOGY4OC0zNDM2M2JjN2M0YzAiOnsiY3JlYXRlIjo2MDAwMDAwMDAwMCwiZGVsZXRlIjo2MDAwMDAwMDAwMCwidXBkYXRlIjo2MDAwMDAwMDAwMH19"
        }
      ]
    },
    {
      "mode": "managed",
      "type": "yandex_vpc_network",
      "name": "my_vpc",
      "provider": "provider[\"registry.terraform.io/yandex-cloud/yandex\"]",
      "instances": [
        {
          "schema_version": 0,
          "attributes": {
            "created_at": "2025-03-23T21:32:44Z",
            "default_security_group_id": "enpso7jkkm3cde8jpept",
            "description": "",
            "folder_id": "b1ghq2nf3sns1d4mse28",
            "id": "enpt8tfqej0mq4ike3uj",
            "labels": {},
            "name": "my-network",
            "subnet_ids": [
              "e2l3sae9cqp7s2cdg3mt",
              "e9b2s3vg8vjrvdslmmr9"
            ],
            "timeouts": null
          },
          "sensitive_attributes": [],
          "private": "eyJlMmJmYjczMC1lY2FhLTExZTYtOGY4OC0zNDM2M2JjN2M0YzAiOnsiY3JlYXRlIjo2MDAwMDAwMDAwMCwiZGVsZXRlIjo2MDAwMDAwMDAwMCwidXBkYXRlIjo2MDAwMDAwMDAwMH19"
        }
      ]
    },
    {
      "mode": "managed",
      "type": "yandex_vpc_route_table",
      "name": "rt",
      "provider": "provider[\"registry.terraform.io/yandex-cloud/yandex\"]",
      "instances": [
        {
          "schema_version": 0,
          "attributes": {
            "created_at": "2025-03-23T21:32:46Z",
            "description": "",
            "folder_id": "b1ghq2nf3sns1d4mse28",
            "id": "enpc2q4q5bt5im6d32mv",
            "labels": {},
            "name": "my-route-table",
            "network_id": "enpt8tfqej0mq4ike3uj",
            "static_route": [
              {
                "destination_prefix": "0.0.0.0/0",
                "gateway_id": "enpkq1rkvig8cks3t143",
                "next_hop_address": ""
              }
            ],
            "timeouts": null
          },
          "sensitive_attributes": [],
          "private": "eyJlMmJmYjczMC1lY2FhLTExZTYtOGY4OC0zNDM2M2JjN2M0YzAiOnsiY3JlYXRlIjoxODAwMDAwMDAwMDAsImRlbGV0ZSI6MTgwMDAwMDAwMDAwLCJ1cGRhdGUiOjE4MDAwMDAwMDAwMH19",
          "dependencies": [
            "yandex_vpc_gateway.nat_gateway",
            "yandex_vpc_network.my_vpc"
          ]
        }
      ]
    },
    {
      "mode": "managed",
      "type": "yandex_vpc_subnet",
      "name": "private_subnet_a",
      "provider": "provider[\"registry.terraform.io/yandex-cloud/yandex\"]",
      "instances": [
        {
          "schema_version": 0,
          "attributes": {
            "created_at": "2025-03-23T21:32:47Z",
            "description": "",
            "dhcp_options": [],
            "folder_id": "b1ghq2nf3sns1d4mse28",
            "id": "e9b2s3vg8vjrvdslmmr9",
            "labels": {},
            "name": "site-a",
            "network_id": "enpt8tfqej0mq4ike3uj",
            "route_table_id": "enpc2q4q5bt5im6d32mv",
            "timeouts": null,
            "v4_cidr_blocks": [
              "192.168.1.0/24"
            ],
            "v6_cidr_blocks": [],
            "zone": "ru-central1-a"
          },
          "sensitive_attributes": [],
          "private": "eyJlMmJmYjczMC1lY2FhLTExZTYtOGY4OC0zNDM2M2JjN2M0YzAiOnsiY3JlYXRlIjoxODAwMDAwMDAwMDAsImRlbGV0ZSI6MTgwMDAwMDAwMDAwLCJ1cGRhdGUiOjE4MDAwMDAwMDAwMH19",
          "dependencies": [
            "yandex_vpc_gateway.nat_gateway",
            "yandex_vpc_network.my_vpc",
            "yandex_vpc_route_table.rt"
          ]
        }
      ]
    },
    {
      "mode": "managed",
      "type": "yandex_vpc_subnet",
      "name": "private_subnet_b",
      "provider": "provider[\"registry.terraform.io/yandex-cloud/yandex\"]",
      "instances": [
        {
          "schema_version": 0,
          "attributes": {
            "created_at": "2025-03-23T21:32:47Z",
            "description": "",
            "dhcp_options": [],
            "folder_id": "b1ghq2nf3sns1d4mse28",
            "id": "e2l3sae9cqp7s2cdg3mt",
            "labels": {},
            "name": "site-b",
            "network_id": "enpt8tfqej0mq4ike3uj",
            "route_table_id": "enpc2q4q5bt5im6d32mv",
            "timeouts": null,
            "v4_cidr_blocks": [
              "192.168.2.0/24"
            ],
            "v6_cidr_blocks": [],
            "zone": "ru-central1-b"
          },
          "sensitive_attributes": [],
          "private": "eyJlMmJmYjczMC1lY2FhLTExZTYtOGY4OC0zNDM2M2JjN2M0YzAiOnsiY3JlYXRlIjoxODAwMDAwMDAwMDAsImRlbGV0ZSI6MTgwMDAwMDAwMDAwLCJ1cGRhdGUiOjE4MDAwMDAwMDAwMH19",
          "dependencies": [
            "yandex_vpc_gateway.nat_gateway",
            "yandex_vpc_network.my_vpc",
            "yandex_vpc_route_table.rt"
          ]
        }
      ]
    }
  ],
  "check_results": null
}
